
Microsoft Visual Studio Solution File, Format Version 12.00
# Visual Studio 15
VisualStudioVersion = 15.0.28307.271
MinimumVisualStudioVersion = 10.0.40219.1
Project("{FAE04EC0-301F-11D3-BF4B-00C04F79EFBC}") = "Librerias.Crm", "Librerias.Crm\Librerias.Crm.csproj", "{60124E28-CB46-4AEA-8D8A-96EE470657DD}"
EndProject
Project("{D954291E-2A0B-460D-934E-DC6B0785DB48}") = "Librerias.Crm.Shared", "Librerias.Crm.Shared\Librerias.Crm.Shared.shproj", "{24275CF3-3A23-4BAF-9B1A-BB0C6E7CB506}"
EndProject
Project("{FAE04EC0-301F-11D3-BF4B-00C04F79EFBC}") = "Librerias.Crm.Conexion", "Librerias.Crm.Conexion\Librerias.Crm.Conexion.csproj", "{1DC625B2-1E24-4342-9308-472CCEB136C4}"
EndProject
Project("{FAE04EC0-301F-11D3-BF4B-00C04F79EFBC}") = "Web", "Web\Web.csproj", "{60106B51-E152-482A-9FB1-80776D078DB2}"
EndProject
Project("{2150E333-8FDC-42A3-9474-1A3956D46DE8}") = "Clientes", "Clientes", "{B09DEC7D-D964-48E6-9B88-30D686A12B6E}"
EndProject
Project("{2150E333-8FDC-42A3-9474-1A3956D46DE8}") = "WebApi", "WebApi", "{C06690CC-10E6-4A06-A1CB-85CE09E59D7F}"
EndProject
Project("{FAE04EC0-301F-11D3-BF4B-00C04F79EFBC}") = "Web.JQuery", "Web.JQuery\Web.JQuery.csproj", "{EC1BEE79-28D7-437C-8481-66C0298A7B01}"
EndProject
Project("{2150E333-8FDC-42A3-9474-1A3956D46DE8}") = "Consolas", "Consolas", "{9A00F8F0-2BD6-43AC-898A-80F3C7041143}"
EndProject
Project("{FAE04EC0-301F-11D3-BF4B-00C04F79EFBC}") = "Consola.ConexionCRM", "Consola.ConexionCRM\Consola.ConexionCRM.csproj", "{5FD58F5B-2083-423C-AD0A-485DA2DD6B80}"
EndProject
Project("{FAE04EC0-301F-11D3-BF4B-00C04F79EFBC}") = "Librerias.Common.IO", "Librerias.Common.IO\Librerias.Common.IO.csproj", "{94100DDC-13C0-484E-83A3-FCB0D1F5CE20}"
EndProject
Project("{FAE04EC0-301F-11D3-BF4B-00C04F79EFBC}") = "Librerias.Common", "Librerias.Common\Librerias.Common.csproj", "{51AED4E9-554F-465A-9F57-A1AD1B286332}"
EndProject
Project("{D954291E-2A0B-460D-934E-DC6B0785DB48}") = "Librerias.Common.Shared", "Librerias.Common.Shared\Librerias.Common.Shared.shproj", "{E5E0D313-8BFC-4829-B447-915984FAF0F7}"
EndProject
Project("{FAE04EC0-301F-11D3-BF4B-00C04F79EFBC}") = "Consola.OrganizationService", "Consola.OrganizationService\Consola.OrganizationService.csproj", "{2C923D79-CB8F-4E83-96D5-2F76C310B5D5}"
EndProject
Global
	GlobalSection(SharedMSBuildProjectFiles) = preSolution
		Librerias.Crm.Shared\Librerias.Crm.Shared.projitems*{24275cf3-3a23-4baf-9b1a-bb0c6e7cb506}*SharedItemsImports = 13
		Librerias.Common.Shared\Librerias.Common.Shared.projitems*{51aed4e9-554f-465a-9f57-a1ad1b286332}*SharedItemsImports = 4
		Librerias.Crm.Shared\Librerias.Crm.Shared.projitems*{60124e28-cb46-4aea-8d8a-96ee470657dd}*SharedItemsImports = 4
		Librerias.Common.Shared\Librerias.Common.Shared.projitems*{e5e0d313-8bfc-4829-b447-915984faf0f7}*SharedItemsImports = 13
	EndGlobalSection
	GlobalSection(SolutionConfigurationPlatforms) = preSolution
		Debug|Any CPU = Debug|Any CPU
		Release|Any CPU = Release|Any CPU
	EndGlobalSection
	GlobalSection(ProjectConfigurationPlatforms) = postSolution
		{60124E28-CB46-4AEA-8D8A-96EE470657DD}.Debug|Any CPU.ActiveCfg = Debug|Any CPU
		{60124E28-CB46-4AEA-8D8A-96EE470657DD}.Debug|Any CPU.Build.0 = Debug|Any CPU
		{60124E28-CB46-4AEA-8D8A-96EE470657DD}.Release|Any CPU.ActiveCfg = Release|Any CPU
		{60124E28-CB46-4AEA-8D8A-96EE470657DD}.Release|Any CPU.Build.0 = Release|Any CPU
		{1DC625B2-1E24-4342-9308-472CCEB136C4}.Debug|Any CPU.ActiveCfg = Debug|Any CPU
		{1DC625B2-1E24-4342-9308-472CCEB136C4}.Debug|Any CPU.Build.0 = Debug|Any CPU
		{1DC625B2-1E24-4342-9308-472CCEB136C4}.Release|Any CPU.ActiveCfg = Release|Any CPU
		{1DC625B2-1E24-4342-9308-472CCEB136C4}.Release|Any CPU.Build.0 = Release|Any CPU
		{60106B51-E152-482A-9FB1-80776D078DB2}.Debug|Any CPU.ActiveCfg = Debug|Any CPU
		{60106B51-E152-482A-9FB1-80776D078DB2}.Debug|Any CPU.Build.0 = Debug|Any CPU
		{60106B51-E152-482A-9FB1-80776D078DB2}.Release|Any CPU.ActiveCfg = Release|Any CPU
		{60106B51-E152-482A-9FB1-80776D078DB2}.Release|Any CPU.Build.0 = Release|Any CPU
		{EC1BEE79-28D7-437C-8481-66C0298A7B01}.Debug|Any CPU.ActiveCfg = Debug|Any CPU
		{EC1BEE79-28D7-437C-8481-66C0298A7B01}.Debug|Any CPU.Build.0 = Debug|Any CPU
		{EC1BEE79-28D7-437C-8481-66C0298A7B01}.Release|Any CPU.ActiveCfg = Release|Any CPU
		{EC1BEE79-28D7-437C-8481-66C0298A7B01}.Release|Any CPU.Build.0 = Release|Any CPU
		{5FD58F5B-2083-423C-AD0A-485DA2DD6B80}.Debug|Any CPU.ActiveCfg = Debug|Any CPU
		{5FD58F5B-2083-423C-AD0A-485DA2DD6B80}.Debug|Any CPU.Build.0 = Debug|Any CPU
		{5FD58F5B-2083-423C-AD0A-485DA2DD6B80}.Release|Any CPU.ActiveCfg = Release|Any CPU
		{5FD58F5B-2083-423C-AD0A-485DA2DD6B80}.Release|Any CPU.Build.0 = Release|Any CPU
		{94100DDC-13C0-484E-83A3-FCB0D1F5CE20}.Debug|Any CPU.ActiveCfg = Debug|Any CPU
		{94100DDC-13C0-484E-83A3-FCB0D1F5CE20}.Debug|Any CPU.Build.0 = Debug|Any CPU
		{94100DDC-13C0-484E-83A3-FCB0D1F5CE20}.Release|Any CPU.ActiveCfg = Release|Any CPU
		{94100DDC-13C0-484E-83A3-FCB0D1F5CE20}.Release|Any CPU.Build.0 = Release|Any CPU
		{51AED4E9-554F-465A-9F57-A1AD1B286332}.Debug|Any CPU.ActiveCfg = Debug|Any CPU
		{51AED4E9-554F-465A-9F57-A1AD1B286332}.Debug|Any CPU.Build.0 = Debug|Any CPU
		{51AED4E9-554F-465A-9F57-A1AD1B286332}.Release|Any CPU.ActiveCfg = Release|Any CPU
		{51AED4E9-554F-465A-9F57-A1AD1B286332}.Release|Any CPU.Build.0 = Release|Any CPU
		{2C923D79-CB8F-4E83-96D5-2F76C310B5D5}.Debug|Any CPU.ActiveCfg = Debug|Any CPU
		{2C923D79-CB8F-4E83-96D5-2F76C310B5D5}.Debug|Any CPU.Build.0 = Debug|Any CPU
		{2C923D79-CB8F-4E83-96D5-2F76C310B5D5}.Release|Any CPU.ActiveCfg = Release|Any CPU
		{2C923D79-CB8F-4E83-96D5-2F76C310B5D5}.Release|Any CPU.Build.0 = Release|Any CPU
	EndGlobalSection
	GlobalSection(SolutionProperties) = preSolution
		HideSolutionNode = FALSE
	EndGlobalSection
	GlobalSection(NestedProjects) = preSolution
		{60106B51-E152-482A-9FB1-80776D078DB2} = {B09DEC7D-D964-48E6-9B88-30D686A12B6E}
		{EC1BEE79-28D7-437C-8481-66C0298A7B01} = {B09DEC7D-D964-48E6-9B88-30D686A12B6E}
		{5FD58F5B-2083-423C-AD0A-485DA2DD6B80} = {9A00F8F0-2BD6-43AC-898A-80F3C7041143}
		{2C923D79-CB8F-4E83-96D5-2F76C310B5D5} = {9A00F8F0-2BD6-43AC-898A-80F3C7041143}
	EndGlobalSection
	GlobalSection(ExtensibilityGlobals) = postSolution
		SolutionGuid = {18460D28-D8D0-470D-AB21-AFE3498464AA}
	EndGlobalSection
EndGlobal
